
Microsoft Visual Studio Solution File, Format Version 12.00
# Visual Studio Version 17
VisualStudioVersion = 17.0.32014.148
MinimumVisualStudioVersion = 10.0.40219.1
Project("{9A19103F-16F7-4668-BE54-9A1E7A4F7556}") = "BinarySearchTree", "BinarySearchTree\BinarySearchTree.csproj", "{D8075674-96D2-4EBA-A7F9-96818F71D35D}"
EndProject
Project("{9A19103F-16F7-4668-BE54-9A1E7A4F7556}") = "HashTableDemo", "MyMapNode\HashTableDemo.csproj", "{E03B2B8F-EB84-4534-985B-09AA5FDEF4A6}"
EndProject
Project("{FAE04EC0-301F-11D3-BF4B-00C04F79EFBC}") = "DelegateDemo", "DelegateDemo\DelegateDemo.csproj", "{5E364FB8-E01C-4669-88C5-7D776997DF9A}"
EndProject
Project("{FAE04EC0-301F-11D3-BF4B-00C04F79EFBC}") = "EventDemo", "EventDemo\EventDemo.csproj", "{4C25E6F9-53F4-4D57-B18A-BF5DB271DC6D}"
EndProject
Global
	GlobalSection(SolutionConfigurationPlatforms) = preSolution
		Debug|Any CPU = Debug|Any CPU
		Release|Any CPU = Release|Any CPU
	EndGlobalSection
	GlobalSection(ProjectConfigurationPlatforms) = postSolution
		{D8075674-96D2-4EBA-A7F9-96818F71D35D}.Debug|Any CPU.ActiveCfg = Debug|Any CPU
		{D8075674-96D2-4EBA-A7F9-96818F71D35D}.Debug|Any CPU.Build.0 = Debug|Any CPU
		{D8075674-96D2-4EBA-A7F9-96818F71D35D}.Release|Any CPU.ActiveCfg = Release|Any CPU
		{D8075674-96D2-4EBA-A7F9-96818F71D35D}.Release|Any CPU.Build.0 = Release|Any CPU
		{E03B2B8F-EB84-4534-985B-09AA5FDEF4A6}.Debug|Any CPU.ActiveCfg = Debug|Any CPU
		{E03B2B8F-EB84-4534-985B-09AA5FDEF4A6}.Debug|Any CPU.Build.0 = Debug|Any CPU
		{E03B2B8F-EB84-4534-985B-09AA5FDEF4A6}.Release|Any CPU.ActiveCfg = Release|Any CPU
		{E03B2B8F-EB84-4534-985B-09AA5FDEF4A6}.Release|Any CPU.Build.0 = Release|Any CPU
		{5E364FB8-E01C-4669-88C5-7D776997DF9A}.Debug|Any CPU.ActiveCfg = Debug|Any CPU
		{5E364FB8-E01C-4669-88C5-7D776997DF9A}.Debug|Any CPU.Build.0 = Debug|Any CPU
		{5E364FB8-E01C-4669-88C5-7D776997DF9A}.Release|Any CPU.ActiveCfg = Release|Any CPU
		{5E364FB8-E01C-4669-88C5-7D776997DF9A}.Release|Any CPU.Build.0 = Release|Any CPU
		{4C25E6F9-53F4-4D57-B18A-BF5DB271DC6D}.Debug|Any CPU.ActiveCfg = Debug|Any CPU
		{4C25E6F9-53F4-4D57-B18A-BF5DB271DC6D}.Debug|Any CPU.Build.0 = Debug|Any CPU
		{4C25E6F9-53F4-4D57-B18A-BF5DB271DC6D}.Release|Any CPU.ActiveCfg = Release|Any CPU
		{4C25E6F9-53F4-4D57-B18A-BF5DB271DC6D}.Release|Any CPU.Build.0 = Release|Any CPU
	EndGlobalSection
	GlobalSection(SolutionProperties) = preSolution
		HideSolutionNode = FALSE
	EndGlobalSection
	GlobalSection(ExtensibilityGlobals) = postSolution
		SolutionGuid = {2A2FD242-8521-4C04-8919-F2B54FC9C128}
	EndGlobalSection
EndGlobal
